
Microsoft Visual Studio Solution File, Format Version 12.00
# Visual Studio 15
VisualStudioVersion = 15.0.28307.438
MinimumVisualStudioVersion = 10.0.40219.1
Project("{9A19103F-16F7-4668-BE54-9A1E7A4F7556}") = "CalculatorService.Server", "CalculatorService\CalculatorService.Server.csproj", "{A4D95997-8358-43D3-882E-B0E1B8DF18A4}"
EndProject
Project("{9A19103F-16F7-4668-BE54-9A1E7A4F7556}") = "CalculatorService.Data", "CalculatorService.Data\CalculatorService.Data.csproj", "{38D6CCBF-A287-4015-AA1A-27C906626B95}"
EndProject
Project("{9A19103F-16F7-4668-BE54-9A1E7A4F7556}") = "CalculatorService.Model", "CalculatorService.Model\CalculatorService.Model.csproj", "{0E1138CE-18C4-40EA-983D-232E9B70EACB}"
EndProject
Project("{9A19103F-16F7-4668-BE54-9A1E7A4F7556}") = "CalculatorService.Service", "CalculatorService.Service\CalculatorService.Service.csproj", "{8195A509-A0BB-4825-AB96-3BC48C435718}"
EndProject
Project("{9A19103F-16F7-4668-BE54-9A1E7A4F7556}") = "CalculatorService.Test", "CalculatorService.Test\CalculatorService.Test.csproj", "{728D5349-E583-4C15-9224-BC676AC167B8}"
EndProject
Global
	GlobalSection(SolutionConfigurationPlatforms) = preSolution
		Debug|Any CPU = Debug|Any CPU
		Release|Any CPU = Release|Any CPU
	EndGlobalSection
	GlobalSection(ProjectConfigurationPlatforms) = postSolution
		{A4D95997-8358-43D3-882E-B0E1B8DF18A4}.Debug|Any CPU.ActiveCfg = Debug|Any CPU
		{A4D95997-8358-43D3-882E-B0E1B8DF18A4}.Debug|Any CPU.Build.0 = Debug|Any CPU
		{A4D95997-8358-43D3-882E-B0E1B8DF18A4}.Release|Any CPU.ActiveCfg = Release|Any CPU
		{A4D95997-8358-43D3-882E-B0E1B8DF18A4}.Release|Any CPU.Build.0 = Release|Any CPU
		{38D6CCBF-A287-4015-AA1A-27C906626B95}.Debug|Any CPU.ActiveCfg = Debug|Any CPU
		{38D6CCBF-A287-4015-AA1A-27C906626B95}.Debug|Any CPU.Build.0 = Debug|Any CPU
		{38D6CCBF-A287-4015-AA1A-27C906626B95}.Release|Any CPU.ActiveCfg = Release|Any CPU
		{38D6CCBF-A287-4015-AA1A-27C906626B95}.Release|Any CPU.Build.0 = Release|Any CPU
		{0E1138CE-18C4-40EA-983D-232E9B70EACB}.Debug|Any CPU.ActiveCfg = Debug|Any CPU
		{0E1138CE-18C4-40EA-983D-232E9B70EACB}.Debug|Any CPU.Build.0 = Debug|Any CPU
		{0E1138CE-18C4-40EA-983D-232E9B70EACB}.Release|Any CPU.ActiveCfg = Release|Any CPU
		{0E1138CE-18C4-40EA-983D-232E9B70EACB}.Release|Any CPU.Build.0 = Release|Any CPU
		{8195A509-A0BB-4825-AB96-3BC48C435718}.Debug|Any CPU.ActiveCfg = Debug|Any CPU
		{8195A509-A0BB-4825-AB96-3BC48C435718}.Debug|Any CPU.Build.0 = Debug|Any CPU
		{8195A509-A0BB-4825-AB96-3BC48C435718}.Release|Any CPU.ActiveCfg = Release|Any CPU
		{8195A509-A0BB-4825-AB96-3BC48C435718}.Release|Any CPU.Build.0 = Release|Any CPU
		{728D5349-E583-4C15-9224-BC676AC167B8}.Debug|Any CPU.ActiveCfg = Debug|Any CPU
		{728D5349-E583-4C15-9224-BC676AC167B8}.Debug|Any CPU.Build.0 = Debug|Any CPU
		{728D5349-E583-4C15-9224-BC676AC167B8}.Release|Any CPU.ActiveCfg = Release|Any CPU
		{728D5349-E583-4C15-9224-BC676AC167B8}.Release|Any CPU.Build.0 = Release|Any CPU
	EndGlobalSection
	GlobalSection(SolutionProperties) = preSolution
		HideSolutionNode = FALSE
	EndGlobalSection
	GlobalSection(ExtensibilityGlobals) = postSolution
		SolutionGuid = {79E03D69-9DC4-47F1-B48F-C8C864C531F8}
	EndGlobalSection
EndGlobal
